
Microsoft Visual Studio Solution File, Format Version 12.00
# Visual Studio Version 17
VisualStudioVersion = 17.8.34330.188
MinimumVisualStudioVersion = 10.0.40219.1
Project("{FAE04EC0-301F-11D3-BF4B-00C04F79EFBC}") = "WebApplication1", "WebApplication1\WebApplication1.csproj", "{D8366F9D-5EAD-4E88-9F4B-CDBD693F3F11}"
EndProject
Global
	GlobalSection(SolutionConfigurationPlatforms) = preSolution
		Debug|Any CPU = Debug|Any CPU
		Release|Any CPU = Release|Any CPU
	EndGlobalSection
	GlobalSection(ProjectConfigurationPlatforms) = postSolution
		{D8366F9D-5EAD-4E88-9F4B-CDBD693F3F11}.Debug|Any CPU.ActiveCfg = Debug|Any CPU
		{D8366F9D-5EAD-4E88-9F4B-CDBD693F3F11}.Debug|Any CPU.Build.0 = Debug|Any CPU
		{D8366F9D-5EAD-4E88-9F4B-CDBD693F3F11}.Release|Any CPU.ActiveCfg = Release|Any CPU
		{D8366F9D-5EAD-4E88-9F4B-CDBD693F3F11}.Release|Any CPU.Build.0 = Release|Any CPU
	EndGlobalSection
	GlobalSection(SolutionProperties) = preSolution
		HideSolutionNode = FALSE
	EndGlobalSection
	GlobalSection(ExtensibilityGlobals) = postSolution
		SolutionGuid = {234918B7-A02E-45A1-A5EC-42D5C707A9F2}
	EndGlobalSection
EndGlobal
